PODS:
  - CharlesTool (0.1.0)
  - FBSnapshotTestCase (2.1.4):
    - FBSnapshotTestCase/SwiftSupport (= 2.1.4)
  - FBSnapshotTestCase/Core (2.1.4)
  - FBSnapshotTestCase/SwiftSupport (2.1.4):
    - FBSnapshotTestCase/Core

DEPENDENCIES:
  - CharlesTool (from `../`)
  - FBSnapshotTestCase

SPEC REPOS:
  trunk:
    - FBSnapshotTestCase

EXTERNAL SOURCES:
  CharlesTool:
    :path: "../"

SPEC CHECKSUMS:
  CharlesTool: 75b5b17705280f01668dec114b9585ebc3696c67
  FBSnapshotTestCase: 094f9f314decbabe373b87cc339bea235a63e07a

PODFILE CHECKSUM: 1911d1da3cb6f7dea8e1cbf0b42154e5aaae27fb

COCOAPODS: 1.10.1
